// !$*UTF8*$!
{
	archiveVersion = 1;
	classes = {
	};
	objectVersion = 46;
	objects = {

/* Begin PBXBuildFile section */
		DA42B6F5197CAA33001F1E4B /* Foundation.framework in Frameworks */ = {isa = PBXBuildFile; fileRef = DA42B6F4197CAA33001F1E4B /* Foundation.framework */; };
		DA42B6F7197CAA33001F1E4B /* CoreGraphics.framework in Frameworks */ = {isa = PBXBuildFile; fileRef = DA42B6F6197CAA33001F1E4B /* CoreGraphics.framework */; };
		DA42B6F9197CAA33001F1E4B /* UIKit.framework in Frameworks */ = {isa = PBXBuildFile; fileRef = DA42B6F8197CAA33001F1E4B /* UIKit.framework */; };
		DA42B6FF197CAA33001F1E4B /* InfoPlist.strings in Resources */ = {isa = PBXBuildFile; fileRef = DA42B6FD197CAA33001F1E4B /* InfoPlist.strings */; };
		DA42B701197CAA33001F1E4B /* main.m in Sources */ = {isa = PBXBuildFile; fileRef = DA42B700197CAA33001F1E4B /* main.m */; };
		DA42B705197CAA33001F1E4B /* AppDelegate.m in Sources */ = {isa = PBXBuildFile; fileRef = DA42B704197CAA33001F1E4B /* AppDelegate.m */; };
		DA42B707197CAA33001F1E4B /* Images.xcassets in Resources */ = {isa = PBXBuildFile; fileRef = DA42B706197CAA33001F1E4B /* Images.xcassets */; };
		DA42B70E197CAA33001F1E4B /* XCTest.framework in Frameworks */ = {isa = PBXBuildFile; fileRef = DA42B70D197CAA33001F1E4B /* XCTest.framework */; };
		DA42B70F197CAA33001F1E4B /* Foundation.framework in Frameworks */ = {isa = PBXBuildFile; fileRef = DA42B6F4197CAA33001F1E4B /* Foundation.framework */; };
		DA42B710197CAA33001F1E4B /* UIKit.framework in Frameworks */ = {isa = PBXBuildFile; fileRef = DA42B6F8197CAA33001F1E4B /* UIKit.framework */; };
		DA42B718197CAA33001F1E4B /* InfoPlist.strings in Resources */ = {isa = PBXBuildFile; fileRef = DA42B716197CAA33001F1E4B /* InfoPlist.strings */; };
		DA42B71A197CAA33001F1E4B /* wendujiTests.m in Sources */ = {isa = PBXBuildFile; fileRef = DA42B719197CAA33001F1E4B /* wendujiTests.m */; };
		DA42B725197CAA45001F1E4B /* ViewController.m in Sources */ = {isa = PBXBuildFile; fileRef = DA42B724197CAA45001F1E4B /* ViewController.m */; };
		DA42B72C197CABCA001F1E4B /* ThermometerView.m in Sources */ = {isa = PBXBuildFile; fileRef = DA42B727197CABCA001F1E4B /* ThermometerView.m */; };
		DA42B731197CAC2E001F1E4B /* LedNumberView.m in Sources */ = {isa = PBXBuildFile; fileRef = DA42B730197CAC2E001F1E4B /* LedNumberView.m */; };
		E8B4B6871AADDCCB00A22CE9 /* Bar.m in Sources */ = {isa = PBXBuildFile; fileRef = E8B4B67C1AADDCCB00A22CE9 /* Bar.m */; };
		E8B4B6881AADDCCB00A22CE9 /* BarChart.m in Sources */ = {isa = PBXBuildFile; fileRef = E8B4B67E1AADDCCB00A22CE9 /* BarChart.m */; };
		E8B4B6891AADDCCB00A22CE9 /* Chart.m in Sources */ = {isa = PBXBuildFile; fileRef = E8B4B6801AADDCCB00A22CE9 /* Chart.m */; };
		E8B4B68A1AADDCCB00A22CE9 /* ChartLabel.m in Sources */ = {isa = PBXBuildFile; fileRef = E8B4B6821AADDCCB00A22CE9 /* ChartLabel.m */; };
		E8B4B68B1AADDCCB00A22CE9 /* Color.m in Sources */ = {isa = PBXBuildFile; fileRef = E8B4B6841AADDCCB00A22CE9 /* Color.m */; };
		E8B4B68C1AADDCCB00A22CE9 /* LineChart.m in Sources */ = {isa = PBXBuildFile; fileRef = E8B4B6861AADDCCB00A22CE9 /* LineChart.m */; };
		E8B4B6931AADE0BB00A22CE9 /* ChartTableViewCell.m in Sources */ = {isa = PBXBuildFile; fileRef = E8B4B68E1AADE0BB00A22CE9 /* ChartTableViewCell.m */; };
		E8B4B6941AADE0BB00A22CE9 /* ChartTableViewCell.xib in Resources */ = {isa = PBXBuildFile; fileRef = E8B4B68F1AADE0BB00A22CE9 /* ChartTableViewCell.xib */; };
		E8B4B6951AADE0BB00A22CE9 /* ChartViewController.m in Sources */ = {isa = PBXBuildFile; fileRef = E8B4B6911AADE0BB00A22CE9 /* ChartViewController.m */; };
		E8B4B6981AADE63300A22CE9 /* Storyboard.storyboard in Resources */ = {isa = PBXBuildFile; fileRef = E8B4B6971AADE63300A22CE9 /* Storyboard.storyboard */; };
		E8E535781AA9A7A700C33759 /* CircleProgressBackground.m in Sources */ = {isa = PBXBuildFile; fileRef = E8E535751AA9A7A700C33759 /* CircleProgressBackground.m */; };
		E8E535791AA9A7A700C33759 /* CircleProgressInfilling.m in Sources */ = {isa = PBXBuildFile; fileRef = E8E535771AA9A7A700C33759 /* CircleProgressInfilling.m */; };
/* End PBXBuildFile section */

/* Begin PBXContainerItemProxy section */
		DA42B711197CAA33001F1E4B /* PBXContainerItemProxy */ = {
			isa = PBXContainerItemProxy;
			containerPortal = DA42B6E9197CAA32001F1E4B /* Project object */;
			proxyType = 1;
			remoteGlobalIDString = DA42B6F0197CAA33001F1E4B;
			remoteInfo = wenduji;
		};
/* End PBXContainerItemProxy section */

/* Begin PBXFileReference section */
		DA42B6F1197CAA33001F1E4B /* wenduji.app */ = {isa = PBXFileReference; explicitFileType = wrapper.application; includeInIndex = 0; path = wenduji.app; sourceTree = BUILT_PRODUCTS_DIR; };
		DA42B6F4197CAA33001F1E4B /* Foundation.framework */ = {isa = PBXFileReference; lastKnownFileType = wrapper.framework; name = Foundation.framework; path = System/Library/Frameworks/Foundation.framework; sourceTree = SDKROOT; };
		DA42B6F6197CAA33001F1E4B /* CoreGraphics.framework */ = {isa = PBXFileReference; lastKnownFileType = wrapper.framework; name = CoreGraphics.framework; path = System/Library/Frameworks/CoreGraphics.framework; sourceTree = SDKROOT; };
		DA42B6F8197CAA33001F1E4B /* UIKit.framework */ = {isa = PBXFileReference; lastKnownFileType = wrapper.framework; name = UIKit.framework; path = System/Library/Frameworks/UIKit.framework; sourceTree = SDKROOT; };
		DA42B6FC197CAA33001F1E4B /* wenduji-Info.plist */ = {isa = PBXFileReference; lastKnownFileType = text.plist.xml; path = "wenduji-Info.plist"; sourceTree = "<group>"; };
		DA42B6FE197CAA33001F1E4B /* en */ = {isa = PBXFileReference; lastKnownFileType = text.plist.strings; name = en; path = en.lproj/InfoPlist.strings; sourceTree = "<group>"; };
		DA42B700197CAA33001F1E4B /* main.m */ = {isa = PBXFileReference; lastKnownFileType = sourcecode.c.objc; path = main.m; sourceTree = "<group>"; };
		DA42B702197CAA33001F1E4B /* wenduji-Prefix.pch */ = {isa = PBXFileReference; lastKnownFileType = sourcecode.c.h; path = "wenduji-Prefix.pch"; sourceTree = "<group>"; };
		DA42B703197CAA33001F1E4B /* AppDelegate.h */ = {isa = PBXFileReference; lastKnownFileType = sourcecode.c.h; path = AppDelegate.h; sourceTree = "<group>"; };
		DA42B704197CAA33001F1E4B /* AppDelegate.m */ = {isa = PBXFileReference; lastKnownFileType = sourcecode.c.objc; path = AppDelegate.m; sourceTree = "<group>"; };
		DA42B706197CAA33001F1E4B /* Images.xcassets */ = {isa = PBXFileReference; lastKnownFileType = folder.assetcatalog; path = Images.xcassets; sourceTree = "<group>"; };
		DA42B70C197CAA33001F1E4B /* wendujiTests.xctest */ = {isa = PBXFileReference; explicitFileType = wrapper.cfbundle; includeInIndex = 0; path = wendujiTests.xctest; sourceTree = BUILT_PRODUCTS_DIR; };
		DA42B70D197CAA33001F1E4B /* XCTest.framework */ = {isa = PBXFileReference; lastKnownFileType = wrapper.framework; name = XCTest.framework; path = Library/Frameworks/XCTest.framework; sourceTree = DEVELOPER_DIR; };
		DA42B715197CAA33001F1E4B /* wendujiTests-Info.plist */ = {isa = PBXFileReference; lastKnownFileType = text.plist.xml; path = "wendujiTests-Info.plist"; sourceTree = "<group>"; };
		DA42B717197CAA33001F1E4B /* en */ = {isa = PBXFileReference; lastKnownFileType = text.plist.strings; name = en; path = en.lproj/InfoPlist.strings; sourceTree = "<group>"; };
		DA42B719197CAA33001F1E4B /* wendujiTests.m */ = {isa = PBXFileReference; lastKnownFileType = sourcecode.c.objc; path = wendujiTests.m; sourceTree = "<group>"; };
		DA42B723197CAA45001F1E4B /* ViewController.h */ = {isa = PBXFileReference; fileEncoding = 4; lastKnownFileType = sourcecode.c.h; path = ViewController.h; sourceTree = "<group>"; };
		DA42B724197CAA45001F1E4B /* ViewController.m */ = {isa = PBXFileReference; fileEncoding = 4; lastKnownFileType = sourcecode.c.objc; path = ViewController.m; sourceTree = "<group>"; };
		DA42B726197CABCA001F1E4B /* ThermometerView.h */ = {isa = PBXFileReference; fileEncoding = 4; lastKnownFileType = sourcecode.c.h; path = ThermometerView.h; sourceTree = "<group>"; };
		DA42B727197CABCA001F1E4B /* ThermometerView.m */ = {isa = PBXFileReference; fileEncoding = 4; lastKnownFileType = sourcecode.c.objc; path = ThermometerView.m; sourceTree = "<group>"; };
		DA42B72F197CAC2E001F1E4B /* LedNumberView.h */ = {isa = PBXFileReference; fileEncoding = 4; lastKnownFileType = sourcecode.c.h; path = LedNumberView.h; sourceTree = "<group>"; };
		DA42B730197CAC2E001F1E4B /* LedNumberView.m */ = {isa = PBXFileReference; fileEncoding = 4; lastKnownFileType = sourcecode.c.objc; path = LedNumberView.m; sourceTree = "<group>"; };
		E8B4B67B1AADDCCB00A22CE9 /* Bar.h */ = {isa = PBXFileReference; fileEncoding = 4; lastKnownFileType = sourcecode.c.h; path = Bar.h; sourceTree = "<group>"; };
		E8B4B67C1AADDCCB00A22CE9 /* Bar.m */ = {isa = PBXFileReference; fileEncoding = 4; lastKnownFileType = sourcecode.c.objc; path = Bar.m; sourceTree = "<group>"; };
		E8B4B67D1AADDCCB00A22CE9 /* BarChart.h */ = {isa = PBXFileReference; fileEncoding = 4; lastKnownFileType = sourcecode.c.h; path = BarChart.h; sourceTree = "<group>"; };
		E8B4B67E1AADDCCB00A22CE9 /* BarChart.m */ = {isa = PBXFileReference; fileEncoding = 4; lastKnownFileType = sourcecode.c.objc; path = BarChart.m; sourceTree = "<group>"; };
		E8B4B67F1AADDCCB00A22CE9 /* Chart.h */ = {isa = PBXFileReference; fileEncoding = 4; lastKnownFileType = sourcecode.c.h; path = Chart.h; sourceTree = "<group>"; };
		E8B4B6801AADDCCB00A22CE9 /* Chart.m */ = {isa = PBXFileReference; fileEncoding = 4; lastKnownFileType = sourcecode.c.objc; path = Chart.m; sourceTree = "<group>"; };
		E8B4B6811AADDCCB00A22CE9 /* ChartLabel.h */ = {isa = PBXFileReference; fileEncoding = 4; lastKnownFileType = sourcecode.c.h; path = ChartLabel.h; sourceTree = "<group>"; };
		E8B4B6821AADDCCB00A22CE9 /* ChartLabel.m */ = {isa = PBXFileReference; fileEncoding = 4; lastKnownFileType = sourcecode.c.objc; path = ChartLabel.m; sourceTree = "<group>"; };
		E8B4B6831AADDCCB00A22CE9 /* Color.h */ = {isa = PBXFileReference; fileEncoding = 4; lastKnownFileType = sourcecode.c.h; path = Color.h; sourceTree = "<group>"; };
		E8B4B6841AADDCCB00A22CE9 /* Color.m */ = {isa = PBXFileReference; fileEncoding = 4; lastKnownFileType = sourcecode.c.objc; path = Color.m; sourceTree = "<group>"; };
		E8B4B6851AADDCCB00A22CE9 /* LineChart.h */ = {isa = PBXFileReference; fileEncoding = 4; lastKnownFileType = sourcecode.c.h; path = LineChart.h; sourceTree = "<group>"; };
		E8B4B6861AADDCCB00A22CE9 /* LineChart.m */ = {isa = PBXFileReference; fileEncoding = 4; lastKnownFileType = sourcecode.c.objc; path = LineChart.m; sourceTree = "<group>"; };
		E8B4B68D1AADE0BB00A22CE9 /* ChartTableViewCell.h */ = {isa = PBXFileReference; fileEncoding = 4; lastKnownFileType = sourcecode.c.h; path = ChartTableViewCell.h; sourceTree = "<group>"; };
		E8B4B68E1AADE0BB00A22CE9 /* ChartTableViewCell.m */ = {isa = PBXFileReference; fileEncoding = 4; lastKnownFileType = sourcecode.c.objc; path = ChartTableViewCell.m; sourceTree = "<group>"; };
		E8B4B68F1AADE0BB00A22CE9 /* ChartTableViewCell.xib */ = {isa = PBXFileReference; fileEncoding = 4; lastKnownFileType = file.xib; path = ChartTableViewCell.xib; sourceTree = "<group>"; };
		E8B4B6901AADE0BB00A22CE9 /* ChartViewController.h */ = {isa = PBXFileReference; fileEncoding = 4; lastKnownFileType = sourcecode.c.h; path = ChartViewController.h; sourceTree = "<group>"; };
		E8B4B6911AADE0BB00A22CE9 /* ChartViewController.m */ = {isa = PBXFileReference; fileEncoding = 4; lastKnownFileType = sourcecode.c.objc; path = ChartViewController.m; sourceTree = "<group>"; };
		E8B4B6971AADE63300A22CE9 /* Storyboard.storyboard */ = {isa = PBXFileReference; fileEncoding = 4; lastKnownFileType = file.storyboard; path = Storyboard.storyboard; sourceTree = "<group>"; };
		E8E535741AA9A7A700C33759 /* CircleProgressBackground.h */ = {isa = PBXFileReference; fileEncoding = 4; lastKnownFileType = sourcecode.c.h; path = CircleProgressBackground.h; sourceTree = "<group>"; };
		E8E535751AA9A7A700C33759 /* CircleProgressBackground.m */ = {isa = PBXFileReference; fileEncoding = 4; lastKnownFileType = sourcecode.c.objc; path = CircleProgressBackground.m; sourceTree = "<group>"; };
		E8E535761AA9A7A700C33759 /* CircleProgressInfilling.h */ = {isa = PBXFileReference; fileEncoding = 4; lastKnownFileType = sourcecode.c.h; path = CircleProgressInfilling.h; sourceTree = "<group>"; };
		E8E535771AA9A7A700C33759 /* CircleProgressInfilling.m */ = {isa = PBXFileReference; fileEncoding = 4; lastKnownFileType = sourcecode.c.objc; path = CircleProgressInfilling.m; sourceTree = "<group>"; };
/* End PBXFileReference section */

/* Begin PBXFrameworksBuildPhase section */
		DA42B6EE197CAA33001F1E4B /* Frameworks */ = {
			isa = PBXFrameworksBuildPhase;
			buildActionMask = 2147483647;
			files = (
				DA42B6F7197CAA33001F1E4B /* CoreGraphics.framework in Frameworks */,
				DA42B6F9197CAA33001F1E4B /* UIKit.framework in Frameworks */,
				DA42B6F5197CAA33001F1E4B /* Foundation.framework in Frameworks */,
			);
			runOnlyForDeploymentPostprocessing = 0;
		};
		DA42B709197CAA33001F1E4B /* Frameworks */ = {
			isa = PBXFrameworksBuildPhase;
			buildActionMask = 2147483647;
			files = (
				DA42B70E197CAA33001F1E4B /* XCTest.framework in Frameworks */,
				DA42B710197CAA33001F1E4B /* UIKit.framework in Frameworks */,
				DA42B70F197CAA33001F1E4B /* Foundation.framework in Frameworks */,
			);
			runOnlyForDeploymentPostprocessing = 0;
		};
/* End PBXFrameworksBuildPhase section */

/* Begin PBXGroup section */
		DA42B6E8197CAA32001F1E4B = {
			isa = PBXGroup;
			children = (
				DA42B6FA197CAA33001F1E4B /* wenduji */,
				DA42B713197CAA33001F1E4B /* wendujiTests */,
				DA42B6F3197CAA33001F1E4B /* Frameworks */,
				DA42B6F2197CAA33001F1E4B /* Products */,
			);
			sourceTree = "<group>";
		};
		DA42B6F2197CAA33001F1E4B /* Products */ = {
			isa = PBXGroup;
			children = (
				DA42B6F1197CAA33001F1E4B /* wenduji.app */,
				DA42B70C197CAA33001F1E4B /* wendujiTests.xctest */,
			);
			name = Products;
			sourceTree = "<group>";
		};
		DA42B6F3197CAA33001F1E4B /* Frameworks */ = {
			isa = PBXGroup;
			children = (
				DA42B6F4197CAA33001F1E4B /* Foundation.framework */,
				DA42B6F6197CAA33001F1E4B /* CoreGraphics.framework */,
				DA42B6F8197CAA33001F1E4B /* UIKit.framework */,
				DA42B70D197CAA33001F1E4B /* XCTest.framework */,
			);
			name = Frameworks;
			sourceTree = "<group>";
		};
		DA42B6FA197CAA33001F1E4B /* wenduji */ = {
			isa = PBXGroup;
			children = (
				E8B4B68D1AADE0BB00A22CE9 /* ChartTableViewCell.h */,
				E8B4B68E1AADE0BB00A22CE9 /* ChartTableViewCell.m */,
				E8B4B68F1AADE0BB00A22CE9 /* ChartTableViewCell.xib */,
				E8B4B6901AADE0BB00A22CE9 /* ChartViewController.h */,
				E8B4B6911AADE0BB00A22CE9 /* ChartViewController.m */,
				E8B4B67A1AADDCCB00A22CE9 /* Chart */,
				E8E535731AA9A7A600C33759 /* CircleProgress */,
				DA42B703197CAA33001F1E4B /* AppDelegate.h */,
				DA42B704197CAA33001F1E4B /* AppDelegate.m */,
				DA42B723197CAA45001F1E4B /* ViewController.h */,
				DA42B724197CAA45001F1E4B /* ViewController.m */,
				E8B4B6971AADE63300A22CE9 /* Storyboard.storyboard */,
				DA42B726197CABCA001F1E4B /* ThermometerView.h */,
				DA42B727197CABCA001F1E4B /* ThermometerView.m */,
				DA42B72F197CAC2E001F1E4B /* LedNumberView.h */,
				DA42B730197CAC2E001F1E4B /* LedNumberView.m */,
				DA42B706197CAA33001F1E4B /* Images.xcassets */,
				DA42B6FB197CAA33001F1E4B /* Supporting Files */,
			);
			path = wenduji;
			sourceTree = "<group>";
		};
		DA42B6FB197CAA33001F1E4B /* Supporting Files */ = {
			isa = PBXGroup;
			children = (
				DA42B6FC197CAA33001F1E4B /* wenduji-Info.plist */,
				DA42B6FD197CAA33001F1E4B /* InfoPlist.strings */,
				DA42B700197CAA33001F1E4B /* main.m */,
				DA42B702197CAA33001F1E4B /* wenduji-Prefix.pch */,
			);
			name = "Supporting Files";
			sourceTree = "<group>";
		};
		DA42B713197CAA33001F1E4B /* wendujiTests */ = {
			isa = PBXGroup;
			children = (
				DA42B719197CAA33001F1E4B /* wendujiTests.m */,
				DA42B714197CAA33001F1E4B /* Supporting Files */,
			);
			path = wendujiTests;
			sourceTree = "<group>";
		};
		DA42B714197CAA33001F1E4B /* Supporting Files */ = {
			isa = PBXGroup;
			children = (
				DA42B715197CAA33001F1E4B /* wendujiTests-Info.plist */,
				DA42B716197CAA33001F1E4B /* InfoPlist.strings */,
			);
			name = "Supporting Files";
			sourceTree = "<group>";
		};
		E8B4B67A1AADDCCB00A22CE9 /* Chart */ = {
			isa = PBXGroup;
			children = (
				E8B4B67B1AADDCCB00A22CE9 /* Bar.h */,
				E8B4B67C1AADDCCB00A22CE9 /* Bar.m */,
				E8B4B67D1AADDCCB00A22CE9 /* BarChart.h */,
				E8B4B67E1AADDCCB00A22CE9 /* BarChart.m */,
				E8B4B67F1AADDCCB00A22CE9 /* Chart.h */,
				E8B4B6801AADDCCB00A22CE9 /* Chart.m */,
				E8B4B6811AADDCCB00A22CE9 /* ChartLabel.h */,
				E8B4B6821AADDCCB00A22CE9 /* ChartLabel.m */,
				E8B4B6831AADDCCB00A22CE9 /* Color.h */,
				E8B4B6841AADDCCB00A22CE9 /* Color.m */,
				E8B4B6851AADDCCB00A22CE9 /* LineChart.h */,
				E8B4B6861AADDCCB00A22CE9 /* LineChart.m */,
			);
			path = Chart;
			sourceTree = "<group>";
		};
		E8E535731AA9A7A600C33759 /* CircleProgress */ = {
			isa = PBXGroup;
			children = (
				E8E535741AA9A7A700C33759 /* CircleProgressBackground.h */,
				E8E535751AA9A7A700C33759 /* CircleProgressBackground.m */,
				E8E535761AA9A7A700C33759 /* CircleProgressInfilling.h */,
				E8E535771AA9A7A700C33759 /* CircleProgressInfilling.m */,
			);
			path = CircleProgress;
			sourceTree = "<group>";
		};
/* End PBXGroup section */

/* Begin PBXNativeTarget section */
		DA42B6F0197CAA33001F1E4B /* wenduji */ = {
			isa = PBXNativeTarget;
			buildConfigurationList = DA42B71D197CAA33001F1E4B /* Build configuration list for PBXNativeTarget "wenduji" */;
			buildPhases = (
				DA42B6ED197CAA33001F1E4B /* Sources */,
				DA42B6EE197CAA33001F1E4B /* Frameworks */,
				DA42B6EF197CAA33001F1E4B /* Resources */,
			);
			buildRules = (
			);
			dependencies = (
			);
			name = wenduji;
			productName = wenduji;
			productReference = DA42B6F1197CAA33001F1E4B /* wenduji.app */;
			productType = "com.apple.product-type.application";
		};
		DA42B70B197CAA33001F1E4B /* wendujiTests */ = {
			isa = PBXNativeTarget;
			buildConfigurationList = DA42B720197CAA33001F1E4B /* Build configuration list for PBXNativeTarget "wendujiTests" */;
			buildPhases = (
				DA42B708197CAA33001F1E4B /* Sources */,
				DA42B709197CAA33001F1E4B /* Frameworks */,
				DA42B70A197CAA33001F1E4B /* Resources */,
			);
			buildRules = (
			);
			dependencies = (
				DA42B712197CAA33001F1E4B /* PBXTargetDependency */,
			);
			name = wendujiTests;
			productName = wendujiTests;
			productReference = DA42B70C197CAA33001F1E4B /* wendujiTests.xctest */;
			productType = "com.apple.product-type.bundle.unit-test";
		};
/* End PBXNativeTarget section */

/* Begin PBXProject section */
		DA42B6E9197CAA32001F1E4B /* Project object */ = {
			isa = PBXProject;
			attributes = {
				LastUpgradeCheck = 0510;
				ORGANIZATIONNAME = "";
				TargetAttributes = {
					DA42B70B197CAA33001F1E4B = {
						TestTargetID = DA42B6F0197CAA33001F1E4B;
					};
				};
			};
			buildConfigurationList = DA42B6EC197CAA32001F1E4B /* Build configuration list for PBXProject "wenduji" */;
			compatibilityVersion = "Xcode 3.2";
			developmentRegion = English;
			hasScannedForEncodings = 0;
			knownRegions = (
				en,
			);
			mainGroup = DA42B6E8197CAA32001F1E4B;
			productRefGroup = DA42B6F2197CAA33001F1E4B /* Products */;
			projectDirPath = "";
			projectRoot = "";
			targets = (
				DA42B6F0197CAA33001F1E4B /* wenduji */,
				DA42B70B197CAA33001F1E4B /* wendujiTests */,
			);
		};
/* End PBXProject section */

/* Begin PBXResourcesBuildPhase section */
		DA42B6EF197CAA33001F1E4B /* Resources */ = {
			isa = PBXResourcesBuildPhase;
			buildActionMask = 2147483647;
			files = (
				DA42B6FF197CAA33001F1E4B /* InfoPlist.strings in Resources */,
				DA42B707197CAA33001F1E4B /* Images.xcassets in Resources */,
				E8B4B6941AADE0BB00A22CE9 /* ChartTableViewCell.xib in Resources */,
				E8B4B6981AADE63300A22CE9 /* Storyboard.storyboard in Resources */,
			);
			runOnlyForDeploymentPostprocessing = 0;
		};
		DA42B70A197CAA33001F1E4B /* Resources */ = {
			isa = PBXResourcesBuildPhase;
			buildActionMask = 2147483647;
			files = (
				DA42B718197CAA33001F1E4B /* InfoPlist.strings in Resources */,
			);
			runOnlyForDeploymentPostprocessing = 0;
		};
/* End PBXResourcesBuildPhase section */

/* Begin PBXSourcesBuildPhase section */
		DA42B6ED197CAA33001F1E4B /* Sources */ = {
			isa = PBXSourcesBuildPhase;
			buildActionMask = 2147483647;
			files = (
				E8B4B6931AADE0BB00A22CE9 /* ChartTableViewCell.m in Sources */,
				E8B4B68C1AADDCCB00A22CE9 /* LineChart.m in Sources */,
				E8B4B6891AADDCCB00A22CE9 /* Chart.m in Sources */,
				DA42B731197CAC2E001F1E4B /* LedNumberView.m in Sources */,
				DA42B725197CAA45001F1E4B /* ViewController.m in Sources */,
				DA42B72C197CABCA001F1E4B /* ThermometerView.m in Sources */,
				E8E535781AA9A7A700C33759 /* CircleProgressBackground.m in Sources */,
				DA42B705197CAA33001F1E4B /* AppDelegate.m in Sources */,
				E8B4B6881AADDCCB00A22CE9 /* BarChart.m in Sources */,
				E8B4B6871AADDCCB00A22CE9 /* Bar.m in Sources */,
				E8B4B6951AADE0BB00A22CE9 /* ChartViewController.m in Sources */,
				DA42B701197CAA33001F1E4B /* main.m in Sources */,
				E8B4B68B1AADDCCB00A22CE9 /* Color.m in Sources */,
				E8E535791AA9A7A700C33759 /* CircleProgressInfilling.m in Sources */,
				E8B4B68A1AADDCCB00A22CE9 /* ChartLabel.m in Sources */,
			);
			runOnlyForDeploymentPostprocessing = 0;
		};
		DA42B708197CAA33001F1E4B /* Sources */ = {
			isa = PBXSourcesBuildPhase;
			buildActionMask = 2147483647;
			files = (
				DA42B71A197CAA33001F1E4B /* wendujiTests.m in Sources */,
			);
			runOnlyForDeploymentPostprocessing = 0;
		};
/* End PBXSourcesBuildPhase section */

/* Begin PBXTargetDependency section */
		DA42B712197CAA33001F1E4B /* PBXTargetDependency */ = {
			isa = PBXTargetDependency;
			target = DA42B6F0197CAA33001F1E4B /* wenduji */;
			targetProxy = DA42B711197CAA33001F1E4B /* PBXContainerItemProxy */;
		};
/* End PBXTargetDependency section */

/* Begin PBXVariantGroup section */
		DA42B6FD197CAA33001F1E4B /* InfoPlist.strings */ = {
			isa = PBXVariantGroup;
			children = (
				DA42B6FE197CAA33001F1E4B /* en */,
			);
			name = InfoPlist.strings;
			sourceTree = "<group>";
		};
		DA42B716197CAA33001F1E4B /* InfoPlist.strings */ = {
			isa = PBXVariantGroup;
			children = (
				DA42B717197CAA33001F1E4B /* en */,
			);
			name = InfoPlist.strings;
			sourceTree = "<group>";
		};
/* End PBXVariantGroup section */

/* Begin XCBuildConfiguration section */
		DA42B71B197CAA33001F1E4B /* Debug */ = {
			isa = XCBuildConfiguration;
			buildSettings = {
				ALWAYS_SEARCH_USER_PATHS = NO;
				CLANG_CXX_LANGUAGE_STANDARD = "gnu++0x";
				CLANG_CXX_LIBRARY = "libc++";
				CLANG_ENABLE_MODULES = YES;
				CLANG_ENABLE_OBJC_ARC = YES;
				CLANG_WARN_BOOL_CONVERSION = YES;
				CLANG_WARN_CONSTANT_CONVERSION = YES;
				CLANG_WARN_DIRECT_OBJC_ISA_USAGE = YES_ERROR;
				CLANG_WARN_EMPTY_BODY = YES;
				CLANG_WARN_ENUM_CONVERSION = YES;
				CLANG_WARN_INT_CONVERSION = YES;
				CLANG_WARN_OBJC_ROOT_CLASS = YES_ERROR;
				CLANG_WARN__DUPLICATE_METHOD_MATCH = YES;
				"CODE_SIGN_IDENTITY[sdk=iphoneos*]" = "iPhone Developer";
				COPY_PHASE_STRIP = NO;
				GCC_C_LANGUAGE_STANDARD = gnu99;
				GCC_DYNAMIC_NO_PIC = NO;
				GCC_OPTIMIZATION_LEVEL = 0;
				GCC_PREPROCESSOR_DEFINITIONS = (
					"DEBUG=1",
					"$(inherited)",
				);
				GCC_SYMBOLS_PRIVATE_EXTERN = NO;
				GCC_WARN_64_TO_32_BIT_CONVERSION = YES;
				GCC_WARN_ABOUT_RETURN_TYPE = YES_ERROR;
				GCC_WARN_UNDECLARED_SELECTOR = YES;
				GCC_WARN_UNINITIALIZED_AUTOS = YES_AGGRESSIVE;
				GCC_WARN_UNUSED_FUNCTION = YES;
				GCC_WARN_UNUSED_VARIABLE = YES;
				IPHONEOS_DEPLOYMENT_TARGET = 7.1;
				ONLY_ACTIVE_ARCH = YES;
				SDKROOT = iphoneos;
				TARGETED_DEVICE_FAMILY = "1,2";
			};
			name = Debug;
		};
		DA42B71C197CAA33001F1E4B /* Release */ = {
			isa = XCBuildConfiguration;
			buildSettings = {
				ALWAYS_SEARCH_USER_PATHS = NO;
				CLANG_CXX_LANGUAGE_STANDARD = "gnu++0x";
				CLANG_CXX_LIBRARY = "libc++";
				CLANG_ENABLE_MODULES = YES;
				CLANG_ENABLE_OBJC_ARC = YES;
				CLANG_WARN_BOOL_CONVERSION = YES;
				CLANG_WARN_CONSTANT_CONVERSION = YES;
				CLANG_WARN_DIRECT_OBJC_ISA_USAGE = YES_ERROR;
				CLANG_WARN_EMPTY_BODY = YES;
				CLANG_WARN_ENUM_CONVERSION = YES;
				CLANG_WARN_INT_CONVERSION = YES;
				CLANG_WARN_OBJC_ROOT_CLASS = YES_ERROR;
				CLANG_WARN__DUPLICATE_METHOD_MATCH = YES;
				"CODE_SIGN_IDENTITY[sdk=iphoneos*]" = "iPhone Developer";
				COPY_PHASE_STRIP = YES;
				ENABLE_NS_ASSERTIONS = NO;
				GCC_C_LANGUAGE_STANDARD = gnu99;
				GCC_WARN_64_TO_32_BIT_CONVERSION = YES;
				GCC_WARN_ABOUT_RETURN_TYPE = YES_ERROR;
				GCC_WARN_UNDECLARED_SELECTOR = YES;
				GCC_WARN_UNINITIALIZED_AUTOS = YES_AGGRESSIVE;
				GCC_WARN_UNUSED_FUNCTION = YES;
				GCC_WARN_UNUSED_VARIABLE = YES;
				IPHONEOS_DEPLOYMENT_TARGET = 7.1;
				SDKROOT = iphoneos;
				TARGETED_DEVICE_FAMILY = "1,2";
				VALIDATE_PRODUCT = YES;
			};
			name = Release;
		};
		DA42B71E197CAA33001F1E4B /* Debug */ = {
			isa = XCBuildConfiguration;
			buildSettings = {
				ASSETCATALOG_COMPILER_APPICON_NAME = AppIcon;
				ASSETCATALOG_COMPILER_LAUNCHIMAGE_NAME = LaunchImage;
				GCC_PRECOMPILE_PREFIX_HEADER = YES;
				GCC_PREFIX_HEADER = "wenduji/wenduji-Prefix.pch";
				INFOPLIST_FILE = "wenduji/wenduji-Info.plist";
				PRODUCT_NAME = "$(TARGET_NAME)";
				TARGETED_DEVICE_FAMILY = 1;
				WRAPPER_EXTENSION = app;
			};
			name = Debug;
		};
		DA42B71F197CAA33001F1E4B /* Release */ = {
			isa = XCBuildConfiguration;
			buildSettings = {
				ASSETCATALOG_COMPILER_APPICON_NAME = AppIcon;
				ASSETCATALOG_COMPILER_LAUNCHIMAGE_NAME = LaunchImage;
				GCC_PRECOMPILE_PREFIX_HEADER = YES;
				GCC_PREFIX_HEADER = "wenduji/wenduji-Prefix.pch";
				INFOPLIST_FILE = "wenduji/wenduji-Info.plist";
				PRODUCT_NAME = "$(TARGET_NAME)";
				TARGETED_DEVICE_FAMILY = 1;
				WRAPPER_EXTENSION = app;
			};
			name = Release;
		};
		DA42B721197CAA33001F1E4B /* Debug */ = {
			isa = XCBuildConfiguration;
			buildSettings = {
				BUNDLE_LOADER = "$(BUILT_PRODUCTS_DIR)/wenduji.app/wenduji";
				FRAMEWORK_SEARCH_PATHS = (
					"$(SDKROOT)/Developer/Library/Frameworks",
					"$(inherited)",
					"$(DEVELOPER_FRAMEWORKS_DIR)",
				);
				GCC_PRECOMPILE_PREFIX_HEADER = YES;
				GCC_PREFIX_HEADER = "wenduji/wenduji-Prefix.pch";
				GCC_PREPROCESSOR_DEFINITIONS = (
					"DEBUG=1",
					"$(inherited)",
				);
				INFOPLIST_FILE = "wendujiTests/wendujiTests-Info.plist";
				PRODUCT_NAME = "$(TARGET_NAME)";
				TEST_HOST = "$(BUNDLE_LOADER)";
				WRAPPER_EXTENSION = xctest;
			};
			name = Debug;
		};
		DA42B722197CAA33001F1E4B /* Release */ = {
			isa = XCBuildConfiguration;
			buildSettings = {
				BUNDLE_LOADER = "$(BUILT_PRODUCTS_DIR)/wenduji.app/wenduji";
				FRAMEWORK_SEARCH_PATHS = (
					"$(SDKROOT)/Developer/Library/Frameworks",
					"$(inherited)",
					"$(DEVELOPER_FRAMEWORKS_DIR)",
				);
				GCC_PRECOMPILE_PREFIX_HEADER = YES;
				GCC_PREFIX_HEADER = "wenduji/wenduji-Prefix.pch";
				INFOPLIST_FILE = "wendujiTests/wendujiTests-Info.plist";
				PRODUCT_NAME = "$(TARGET_NAME)";
				TEST_HOST = "$(BUNDLE_LOADER)";
				WRAPPER_EXTENSION = xctest;
			};
			name = Release;
		};
/* End XCBuildConfiguration section */

/* Begin XCConfigurationList section */
		DA42B6EC197CAA32001F1E4B /* Build configuration list for PBXProject "wenduji" */ = {
			isa = XCConfigurationList;
			buildConfigurations = (
				DA42B71B197CAA33001F1E4B /* Debug */,
				DA42B71C197CAA33001F1E4B /* Release */,
			);
			defaultConfigurationIsVisible = 0;
			defaultConfigurationName = Release;
		};
		DA42B71D197CAA33001F1E4B /* Build configuration list for PBXNativeTarget "wenduji" */ = {
			isa = XCConfigurationList;
			buildConfigurations = (
				DA42B71E197CAA33001F1E4B /* Debug */,
				DA42B71F197CAA33001F1E4B /* Release */,
			);
			defaultConfigurationIsVisible = 0;
			defaultConfigurationName = Release;
		};
		DA42B720197CAA33001F1E4B /* Build configuration list for PBXNativeTarget "wendujiTests" */ = {
			isa = XCConfigurationList;
			buildConfigurations = (
				DA42B721197CAA33001F1E4B /* Debug */,
				DA42B722197CAA33001F1E4B /* Release */,
			);
			defaultConfigurationIsVisible = 0;
			defaultConfigurationName = Release;
		};
/* End XCConfigurationList section */
	};
	rootObject = DA42B6E9197CAA32001F1E4B /* Project object */;
}
